
Microsoft Visual Studio Solution File, Format Version 12.00
# Visual Studio Version 16
VisualStudioVersion = 16.0.29009.5
MinimumVisualStudioVersion = 10.0.40219.1
Project("{FAE04EC0-301F-11D3-BF4B-00C04F79EFBC}") = "SECodingChallenge.Web", "SECodingChallenge.Web\SECodingChallenge.Web.csproj", "{D00C6983-2BC2-4E80-889D-00FEB16EF8B5}"
EndProject
Global
	GlobalSection(SolutionConfigurationPlatforms) = preSolution
		Debug|Any CPU = Debug|Any CPU
		Release|Any CPU = Release|Any CPU
	EndGlobalSection
	GlobalSection(ProjectConfigurationPlatforms) = postSolution
		{D00C6983-2BC2-4E80-889D-00FEB16EF8B5}.Debug|Any CPU.ActiveCfg = Debug|Any CPU
		{D00C6983-2BC2-4E80-889D-00FEB16EF8B5}.Debug|Any CPU.Build.0 = Debug|Any CPU
		{D00C6983-2BC2-4E80-889D-00FEB16EF8B5}.Release|Any CPU.ActiveCfg = Release|Any CPU
		{D00C6983-2BC2-4E80-889D-00FEB16EF8B5}.Release|Any CPU.Build.0 = Release|Any CPU
	EndGlobalSection
	GlobalSection(SolutionProperties) = preSolution
		HideSolutionNode = FALSE
	EndGlobalSection
	GlobalSection(ExtensibilityGlobals) = postSolution
		SolutionGuid = {67224F22-2805-4C86-ACF3-10CD1053DB5D}
	EndGlobalSection
EndGlobal
